// !$*UTF8*$!
{
	archiveVersion = 1;
	classes = {
	};
	objectVersion = 46;
	objects = {

/* Begin PBXBuildFile section */
		214CDA851BC036D800B55930 /* ftpCommand.h in Sources */ = {isa = PBXBuildFile; fileRef = 2106AC7E1BC02EBD00BCC5D4 /* ftpCommand.h */; };
		214CDA861BC036D800B55930 /* ftpCommand.cpp in Sources */ = {isa = PBXBuildFile; fileRef = 2106AC7F1BC02ECC00BCC5D4 /* ftpCommand.cpp */; };
		214CDA871BC036D800B55930 /* connect.h in Sources */ = {isa = PBXBuildFile; fileRef = 2106AC801BC0315900BCC5D4 /* connect.h */; };
		214CDA881BC036D800B55930 /* connect.cpp in Sources */ = {isa = PBXBuildFile; fileRef = 2106AC811BC0316500BCC5D4 /* connect.cpp */; };
		21B9448A1BC124B200A223EA /* libuv.a in Frameworks */ = {isa = PBXBuildFile; fileRef = 21B944891BC124B200A223EA /* libuv.a */; };
		21B9448B1BC12B2100A223EA /* pasv.h in Sources */ = {isa = PBXBuildFile; fileRef = 21A83BE81BC0839E00F15D2A /* pasv.h */; };
		21B9448C1BC12B2100A223EA /* pasv.cpp in Sources */ = {isa = PBXBuildFile; fileRef = 21A83BE91BC083AB00F15D2A /* pasv.cpp */; };
		21B9448D1BC12B2100A223EA /* user.h in Sources */ = {isa = PBXBuildFile; fileRef = 21A83BEA1BC1241A00F15D2A /* user.h */; };
		21B9448E1BC12B2100A223EA /* user.cpp in Sources */ = {isa = PBXBuildFile; fileRef = 21A83BEB1BC1242A00F15D2A /* user.cpp */; };
		21B944911BC1641F00A223EA /* clientPi.h in Sources */ = {isa = PBXBuildFile; fileRef = 21B9448F1BC1638500A223EA /* clientPi.h */; };
		21B944921BC1641F00A223EA /* clientPi.cpp in Sources */ = {isa = PBXBuildFile; fileRef = 21B944901BC1639200A223EA /* clientPi.cpp */; };
		21C51AF21BC023E0007D37C1 /* main.cpp in Sources */ = {isa = PBXBuildFile; fileRef = 21C51AF11BC023E0007D37C1 /* main.cpp */; };
/* End PBXBuildFile section */

/* Begin PBXCopyFilesBuildPhase section */
		21C51AEC1BC023E0007D37C1 /* CopyFiles */ = {
			isa = PBXCopyFilesBuildPhase;
			buildActionMask = 2147483647;
			dstPath = /usr/share/man/man1/;
			dstSubfolderSpec = 0;
			files = (
			);
			runOnlyForDeploymentPostprocessing = 1;
		};
/* End PBXCopyFilesBuildPhase section */

/* Begin PBXFileReference section */
		2106AC7E1BC02EBD00BCC5D4 /* ftpCommand.h */ = {isa = PBXFileReference; lastKnownFileType = sourcecode.c.h; path = ftpCommand.h; sourceTree = "<group>"; };
		2106AC7F1BC02ECC00BCC5D4 /* ftpCommand.cpp */ = {isa = PBXFileReference; lastKnownFileType = sourcecode.cpp.cpp; path = ftpCommand.cpp; sourceTree = "<group>"; };
		2106AC801BC0315900BCC5D4 /* connect.h */ = {isa = PBXFileReference; lastKnownFileType = sourcecode.c.h; path = connect.h; sourceTree = "<group>"; };
		2106AC811BC0316500BCC5D4 /* connect.cpp */ = {isa = PBXFileReference; lastKnownFileType = sourcecode.cpp.cpp; path = connect.cpp; sourceTree = "<group>"; };
		21A83BE81BC0839E00F15D2A /* pasv.h */ = {isa = PBXFileReference; lastKnownFileType = sourcecode.c.h; path = pasv.h; sourceTree = "<group>"; };
		21A83BE91BC083AB00F15D2A /* pasv.cpp */ = {isa = PBXFileReference; lastKnownFileType = sourcecode.cpp.cpp; path = pasv.cpp; sourceTree = "<group>"; };
		21A83BEA1BC1241A00F15D2A /* user.h */ = {isa = PBXFileReference; lastKnownFileType = sourcecode.c.h; path = user.h; sourceTree = "<group>"; };
		21A83BEB1BC1242A00F15D2A /* user.cpp */ = {isa = PBXFileReference; lastKnownFileType = sourcecode.cpp.cpp; path = user.cpp; sourceTree = "<group>"; };
		21B944891BC124B200A223EA /* libuv.a */ = {isa = PBXFileReference; lastKnownFileType = archive.ar; name = libuv.a; path = libuv/libuv.a; sourceTree = SOURCE_ROOT; };
		21B9448F1BC1638500A223EA /* clientPi.h */ = {isa = PBXFileReference; lastKnownFileType = sourcecode.c.h; path = clientPi.h; sourceTree = "<group>"; };
		21B944901BC1639200A223EA /* clientPi.cpp */ = {isa = PBXFileReference; lastKnownFileType = sourcecode.cpp.cpp; path = clientPi.cpp; sourceTree = "<group>"; };
		21C51AEE1BC023E0007D37C1 /* libuvftp */ = {isa = PBXFileReference; explicitFileType = "compiled.mach-o.executable"; includeInIndex = 0; path = libuvftp; sourceTree = BUILT_PRODUCTS_DIR; };
		21C51AF11BC023E0007D37C1 /* main.cpp */ = {isa = PBXFileReference; lastKnownFileType = sourcecode.cpp.cpp; path = main.cpp; sourceTree = "<group>"; };
/* End PBXFileReference section */

/* Begin PBXFrameworksBuildPhase section */
		21C51AEB1BC023E0007D37C1 /* Frameworks */ = {
			isa = PBXFrameworksBuildPhase;
			buildActionMask = 2147483647;
			files = (
				21B9448A1BC124B200A223EA /* libuv.a in Frameworks */,
			);
			runOnlyForDeploymentPostprocessing = 0;
		};
/* End PBXFrameworksBuildPhase section */

/* Begin PBXGroup section */
		21C51AE51BC023E0007D37C1 = {
			isa = PBXGroup;
			children = (
				21C51AF01BC023E0007D37C1 /* libuvftp */,
				21C51AEF1BC023E0007D37C1 /* Products */,
				21B944891BC124B200A223EA /* libuv.a */,
			);
			sourceTree = "<group>";
		};
		21C51AEF1BC023E0007D37C1 /* Products */ = {
			isa = PBXGroup;
			children = (
				21C51AEE1BC023E0007D37C1 /* libuvftp */,
			);
			name = Products;
			sourceTree = "<group>";
		};
		21C51AF01BC023E0007D37C1 /* libuvftp */ = {
			isa = PBXGroup;
			children = (
				21C51AF11BC023E0007D37C1 /* main.cpp */,
				2106AC7E1BC02EBD00BCC5D4 /* ftpCommand.h */,
				2106AC7F1BC02ECC00BCC5D4 /* ftpCommand.cpp */,
				2106AC801BC0315900BCC5D4 /* connect.h */,
				2106AC811BC0316500BCC5D4 /* connect.cpp */,
				21A83BE81BC0839E00F15D2A /* pasv.h */,
				21A83BE91BC083AB00F15D2A /* pasv.cpp */,
				21A83BEA1BC1241A00F15D2A /* user.h */,
				21A83BEB1BC1242A00F15D2A /* user.cpp */,
				21B9448F1BC1638500A223EA /* clientPi.h */,
				21B944901BC1639200A223EA /* clientPi.cpp */,
			);
			path = libuvftp;
			sourceTree = "<group>";
		};
/* End PBXGroup section */

/* Begin PBXNativeTarget section */
		21C51AED1BC023E0007D37C1 /* libuvftp */ = {
			isa = PBXNativeTarget;
			buildConfigurationList = 21C51AF51BC023E0007D37C1 /* Build configuration list for PBXNativeTarget "libuvftp" */;
			buildPhases = (
				21C51AEA1BC023E0007D37C1 /* Sources */,
				21C51AEB1BC023E0007D37C1 /* Frameworks */,
				21C51AEC1BC023E0007D37C1 /* CopyFiles */,
			);
			buildRules = (
			);
			dependencies = (
			);
			name = libuvftp;
			productName = libuvftp;
			productReference = 21C51AEE1BC023E0007D37C1 /* libuvftp */;
			productType = "com.apple.product-type.tool";
		};
/* End PBXNativeTarget section */

/* Begin PBXProject section */
		21C51AE61BC023E0007D37C1 /* Project object */ = {
			isa = PBXProject;
			attributes = {
				LastUpgradeCheck = 0610;
				ORGANIZATIONNAME = "Gergely Kalapos";
				TargetAttributes = {
					21C51AED1BC023E0007D37C1 = {
						CreatedOnToolsVersion = 6.1;
					};
				};
			};
			buildConfigurationList = 21C51AE91BC023E0007D37C1 /* Build configuration list for PBXProject "libuvftp" */;
			compatibilityVersion = "Xcode 3.2";
			developmentRegion = English;
			hasScannedForEncodings = 0;
			knownRegions = (
				en,
			);
			mainGroup = 21C51AE51BC023E0007D37C1;
			productRefGroup = 21C51AEF1BC023E0007D37C1 /* Products */;
			projectDirPath = "";
			projectRoot = "";
			targets = (
				21C51AED1BC023E0007D37C1 /* libuvftp */,
			);
		};
/* End PBXProject section */

/* Begin PBXSourcesBuildPhase section */
		21C51AEA1BC023E0007D37C1 /* Sources */ = {
			isa = PBXSourcesBuildPhase;
			buildActionMask = 2147483647;
			files = (
				21B944911BC1641F00A223EA /* clientPi.h in Sources */,
				21B944921BC1641F00A223EA /* clientPi.cpp in Sources */,
				21B9448B1BC12B2100A223EA /* pasv.h in Sources */,
				21B9448C1BC12B2100A223EA /* pasv.cpp in Sources */,
				21B9448D1BC12B2100A223EA /* user.h in Sources */,
				21B9448E1BC12B2100A223EA /* user.cpp in Sources */,
				214CDA851BC036D800B55930 /* ftpCommand.h in Sources */,
				214CDA861BC036D800B55930 /* ftpCommand.cpp in Sources */,
				214CDA871BC036D800B55930 /* connect.h in Sources */,
				214CDA881BC036D800B55930 /* connect.cpp in Sources */,
				21C51AF21BC023E0007D37C1 /* main.cpp in Sources */,
			);
			runOnlyForDeploymentPostprocessing = 0;
		};
/* End PBXSourcesBuildPhase section */

/* Begin XCBuildConfiguration section */
		21C51AF31BC023E0007D37C1 /* Debug */ = {
			isa = XCBuildConfiguration;
			buildSettings = {
				ALWAYS_SEARCH_USER_PATHS = YES;
				CLANG_CXX_LANGUAGE_STANDARD = "gnu++0x";
				CLANG_CXX_LIBRARY = "libc++";
				CLANG_ENABLE_MODULES = YES;
				CLANG_ENABLE_OBJC_ARC = YES;
				CLANG_WARN_BOOL_CONVERSION = YES;
				CLANG_WARN_CONSTANT_CONVERSION = YES;
				CLANG_WARN_DIRECT_OBJC_ISA_USAGE = YES_ERROR;
				CLANG_WARN_EMPTY_BODY = YES;
				CLANG_WARN_ENUM_CONVERSION = YES;
				CLANG_WARN_INT_CONVERSION = YES;
				CLANG_WARN_OBJC_ROOT_CLASS = YES_ERROR;
				CLANG_WARN_UNREACHABLE_CODE = YES;
				CLANG_WARN__DUPLICATE_METHOD_MATCH = YES;
				COPY_PHASE_STRIP = NO;
				ENABLE_STRICT_OBJC_MSGSEND = YES;
				GCC_C_LANGUAGE_STANDARD = gnu99;
				GCC_DYNAMIC_NO_PIC = NO;
				GCC_OPTIMIZATION_LEVEL = 0;
				GCC_PREPROCESSOR_DEFINITIONS = (
					"DEBUG=1",
					"$(inherited)",
				);
				GCC_SYMBOLS_PRIVATE_EXTERN = NO;
				GCC_WARN_64_TO_32_BIT_CONVERSION = YES;
				GCC_WARN_ABOUT_RETURN_TYPE = YES_ERROR;
				GCC_WARN_UNDECLARED_SELECTOR = YES;
				GCC_WARN_UNINITIALIZED_AUTOS = YES_AGGRESSIVE;
				GCC_WARN_UNUSED_FUNCTION = YES;
				GCC_WARN_UNUSED_VARIABLE = YES;
				MACOSX_DEPLOYMENT_TARGET = 10.11;
				MTL_ENABLE_DEBUG_INFO = YES;
				ONLY_ACTIVE_ARCH = YES;
				SDKROOT = macosx;
			};
			name = Debug;
		};
		21C51AF41BC023E0007D37C1 /* Release */ = {
			isa = XCBuildConfiguration;
			buildSettings = {
				ALWAYS_SEARCH_USER_PATHS = YES;
				CLANG_CXX_LANGUAGE_STANDARD = "gnu++0x";
				CLANG_CXX_LIBRARY = "libc++";
				CLANG_ENABLE_MODULES = YES;
				CLANG_ENABLE_OBJC_ARC = YES;
				CLANG_WARN_BOOL_CONVERSION = YES;
				CLANG_WARN_CONSTANT_CONVERSION = YES;
				CLANG_WARN_DIRECT_OBJC_ISA_USAGE = YES_ERROR;
				CLANG_WARN_EMPTY_BODY = YES;
				CLANG_WARN_ENUM_CONVERSION = YES;
				CLANG_WARN_INT_CONVERSION = YES;
				CLANG_WARN_OBJC_ROOT_CLASS = YES_ERROR;
				CLANG_WARN_UNREACHABLE_CODE = YES;
				CLANG_WARN__DUPLICATE_METHOD_MATCH = YES;
				COPY_PHASE_STRIP = YES;
				DEBUG_INFORMATION_FORMAT = "dwarf-with-dsym";
				ENABLE_NS_ASSERTIONS = NO;
				ENABLE_STRICT_OBJC_MSGSEND = YES;
				GCC_C_LANGUAGE_STANDARD = gnu99;
				GCC_WARN_64_TO_32_BIT_CONVERSION = YES;
				GCC_WARN_ABOUT_RETURN_TYPE = YES_ERROR;
				GCC_WARN_UNDECLARED_SELECTOR = YES;
				GCC_WARN_UNINITIALIZED_AUTOS = YES_AGGRESSIVE;
				GCC_WARN_UNUSED_FUNCTION = YES;
				GCC_WARN_UNUSED_VARIABLE = YES;
				MACOSX_DEPLOYMENT_TARGET = 10.11;
				MTL_ENABLE_DEBUG_INFO = NO;
				SDKROOT = macosx;
			};
			name = Release;
		};
		21C51AF61BC023E0007D37C1 /* Debug */ = {
			isa = XCBuildConfiguration;
			buildSettings = {
				LIBRARY_SEARCH_PATHS = (
					"$(inherited)",
					"$(PROJECT_DIR)",
					"$(PROJECT_DIR)/libuv",
				);
				PRODUCT_NAME = "$(TARGET_NAME)";
				USER_HEADER_SEARCH_PATHS = "";
				"USER_HEADER_SEARCH_PATHS[arch=*]" = "libuv/include/**";
			};
			name = Debug;
		};
		21C51AF71BC023E0007D37C1 /* Release */ = {
			isa = XCBuildConfiguration;
			buildSettings = {
				LIBRARY_SEARCH_PATHS = (
					"$(inherited)",
					"$(PROJECT_DIR)",
					"$(PROJECT_DIR)/libuv",
				);
				PRODUCT_NAME = "$(TARGET_NAME)";
				USER_HEADER_SEARCH_PATHS = "libuv/include/**";
			};
			name = Release;
		};
/* End XCBuildConfiguration section */

/* Begin XCConfigurationList section */
		21C51AE91BC023E0007D37C1 /* Build configuration list for PBXProject "libuvftp" */ = {
			isa = XCConfigurationList;
			buildConfigurations = (
				21C51AF31BC023E0007D37C1 /* Debug */,
				21C51AF41BC023E0007D37C1 /* Release */,
			);
			defaultConfigurationIsVisible = 0;
			defaultConfigurationName = Release;
		};
		21C51AF51BC023E0007D37C1 /* Build configuration list for PBXNativeTarget "libuvftp" */ = {
			isa = XCConfigurationList;
			buildConfigurations = (
				21C51AF61BC023E0007D37C1 /* Debug */,
				21C51AF71BC023E0007D37C1 /* Release */,
			);
			defaultConfigurationIsVisible = 0;
			defaultConfigurationName = Release;
		};
/* End XCConfigurationList section */
	};
	rootObject = 21C51AE61BC023E0007D37C1 /* Project object */;
}
