// !$*UTF8*$!
{
	archiveVersion = 1;
	classes = {
	};
	objectVersion = 46;
	objects = {

/* Begin PBXBuildFile section */
		21CB63E21BBC84DD0085B3D2 /* libuv.a in Frameworks */ = {isa = PBXBuildFile; fileRef = 21CB63E11BBC84DD0085B3D2 /* libuv.a */; };
		21CB63E41BBC87190085B3D2 /* main.cpp in Sources */ = {isa = PBXBuildFile; fileRef = 21CB63E31BBC87190085B3D2 /* main.cpp */; };
/* End PBXBuildFile section */

/* Begin PBXCopyFilesBuildPhase section */
		21CB63D51BBC849A0085B3D2 /* CopyFiles */ = {
			isa = PBXCopyFilesBuildPhase;
			buildActionMask = 2147483647;
			dstPath = /usr/share/man/man1/;
			dstSubfolderSpec = 0;
			files = (
			);
			runOnlyForDeploymentPostprocessing = 1;
		};
/* End PBXCopyFilesBuildPhase section */

/* Begin PBXFileReference section */
		21CB63D71BBC849A0085B3D2 /* libuvftp */ = {isa = PBXFileReference; explicitFileType = "compiled.mach-o.executable"; includeInIndex = 0; path = libuvftp; sourceTree = BUILT_PRODUCTS_DIR; };
		21CB63E11BBC84DD0085B3D2 /* libuv.a */ = {isa = PBXFileReference; lastKnownFileType = archive.ar; path = libuv.a; sourceTree = "<group>"; };
		21CB63E31BBC87190085B3D2 /* main.cpp */ = {isa = PBXFileReference; fileEncoding = 4; lastKnownFileType = sourcecode.cpp.cpp; name = main.cpp; path = ../../../libuvFtp/main.cpp; sourceTree = "<group>"; };
/* End PBXFileReference section */

/* Begin PBXFrameworksBuildPhase section */
		21CB63D41BBC849A0085B3D2 /* Frameworks */ = {
			isa = PBXFrameworksBuildPhase;
			buildActionMask = 2147483647;
			files = (
				21CB63E21BBC84DD0085B3D2 /* libuv.a in Frameworks */,
			);
			runOnlyForDeploymentPostprocessing = 0;
		};
/* End PBXFrameworksBuildPhase section */

/* Begin PBXGroup section */
		21CB63CE1BBC849A0085B3D2 = {
			isa = PBXGroup;
			children = (
				21CB63D91BBC849A0085B3D2 /* libuvftp */,
				21CB63D81BBC849A0085B3D2 /* Products */,
				21CB63E11BBC84DD0085B3D2 /* libuv.a */,
			);
			sourceTree = "<group>";
		};
		21CB63D81BBC849A0085B3D2 /* Products */ = {
			isa = PBXGroup;
			children = (
				21CB63D71BBC849A0085B3D2 /* libuvftp */,
			);
			name = Products;
			sourceTree = "<group>";
		};
		21CB63D91BBC849A0085B3D2 /* libuvftp */ = {
			isa = PBXGroup;
			children = (
				21CB63E31BBC87190085B3D2 /* main.cpp */,
			);
			path = libuvftp;
			sourceTree = "<group>";
		};
/* End PBXGroup section */

/* Begin PBXNativeTarget section */
		21CB63D61BBC849A0085B3D2 /* libuvftp */ = {
			isa = PBXNativeTarget;
			buildConfigurationList = 21CB63DE1BBC849A0085B3D2 /* Build configuration list for PBXNativeTarget "libuvftp" */;
			buildPhases = (
				21CB63D31BBC849A0085B3D2 /* Sources */,
				21CB63D41BBC849A0085B3D2 /* Frameworks */,
				21CB63D51BBC849A0085B3D2 /* CopyFiles */,
			);
			buildRules = (
			);
			dependencies = (
			);
			name = libuvftp;
			productName = libuvftp;
			productReference = 21CB63D71BBC849A0085B3D2 /* libuvftp */;
			productType = "com.apple.product-type.tool";
		};
/* End PBXNativeTarget section */

/* Begin PBXProject section */
		21CB63CF1BBC849A0085B3D2 /* Project object */ = {
			isa = PBXProject;
			attributes = {
				LastUpgradeCheck = 0610;
				ORGANIZATIONNAME = "Gergely Kalapos";
				TargetAttributes = {
					21CB63D61BBC849A0085B3D2 = {
						CreatedOnToolsVersion = 6.1;
					};
				};
			};
			buildConfigurationList = 21CB63D21BBC849A0085B3D2 /* Build configuration list for PBXProject "libuvftp" */;
			compatibilityVersion = "Xcode 3.2";
			developmentRegion = English;
			hasScannedForEncodings = 0;
			knownRegions = (
				en,
			);
			mainGroup = 21CB63CE1BBC849A0085B3D2;
			productRefGroup = 21CB63D81BBC849A0085B3D2 /* Products */;
			projectDirPath = "";
			projectRoot = "";
			targets = (
				21CB63D61BBC849A0085B3D2 /* libuvftp */,
			);
		};
/* End PBXProject section */

/* Begin PBXSourcesBuildPhase section */
		21CB63D31BBC849A0085B3D2 /* Sources */ = {
			isa = PBXSourcesBuildPhase;
			buildActionMask = 2147483647;
			files = (
				21CB63E41BBC87190085B3D2 /* main.cpp in Sources */,
			);
			runOnlyForDeploymentPostprocessing = 0;
		};
/* End PBXSourcesBuildPhase section */

/* Begin XCBuildConfiguration section */
		21CB63DC1BBC849A0085B3D2 /* Debug */ = {
			isa = XCBuildConfiguration;
			buildSettings = {
				ALWAYS_SEARCH_USER_PATHS = YES;
				CLANG_CXX_LANGUAGE_STANDARD = "gnu++0x";
				CLANG_CXX_LIBRARY = "libc++";
				CLANG_ENABLE_MODULES = YES;
				CLANG_ENABLE_OBJC_ARC = YES;
				CLANG_WARN_BOOL_CONVERSION = YES;
				CLANG_WARN_CONSTANT_CONVERSION = YES;
				CLANG_WARN_DIRECT_OBJC_ISA_USAGE = YES_ERROR;
				CLANG_WARN_EMPTY_BODY = YES;
				CLANG_WARN_ENUM_CONVERSION = YES;
				CLANG_WARN_INT_CONVERSION = YES;
				CLANG_WARN_OBJC_ROOT_CLASS = YES_ERROR;
				CLANG_WARN_UNREACHABLE_CODE = YES;
				CLANG_WARN__DUPLICATE_METHOD_MATCH = YES;
				COPY_PHASE_STRIP = NO;
				ENABLE_STRICT_OBJC_MSGSEND = YES;
				GCC_C_LANGUAGE_STANDARD = gnu99;
				GCC_DYNAMIC_NO_PIC = NO;
				GCC_OPTIMIZATION_LEVEL = 0;
				GCC_PREPROCESSOR_DEFINITIONS = (
					"DEBUG=1",
					"$(inherited)",
				);
				GCC_SYMBOLS_PRIVATE_EXTERN = NO;
				GCC_WARN_64_TO_32_BIT_CONVERSION = YES;
				GCC_WARN_ABOUT_RETURN_TYPE = YES_ERROR;
				GCC_WARN_UNDECLARED_SELECTOR = YES;
				GCC_WARN_UNINITIALIZED_AUTOS = YES_AGGRESSIVE;
				GCC_WARN_UNUSED_FUNCTION = YES;
				GCC_WARN_UNUSED_VARIABLE = YES;
				MACOSX_DEPLOYMENT_TARGET = 10.10;
				MTL_ENABLE_DEBUG_INFO = YES;
				ONLY_ACTIVE_ARCH = YES;
				SDKROOT = macosx;
			};
			name = Debug;
		};
		21CB63DD1BBC849A0085B3D2 /* Release */ = {
			isa = XCBuildConfiguration;
			buildSettings = {
				ALWAYS_SEARCH_USER_PATHS = YES;
				CLANG_CXX_LANGUAGE_STANDARD = "gnu++0x";
				CLANG_CXX_LIBRARY = "libc++";
				CLANG_ENABLE_MODULES = YES;
				CLANG_ENABLE_OBJC_ARC = YES;
				CLANG_WARN_BOOL_CONVERSION = YES;
				CLANG_WARN_CONSTANT_CONVERSION = YES;
				CLANG_WARN_DIRECT_OBJC_ISA_USAGE = YES_ERROR;
				CLANG_WARN_EMPTY_BODY = YES;
				CLANG_WARN_ENUM_CONVERSION = YES;
				CLANG_WARN_INT_CONVERSION = YES;
				CLANG_WARN_OBJC_ROOT_CLASS = YES_ERROR;
				CLANG_WARN_UNREACHABLE_CODE = YES;
				CLANG_WARN__DUPLICATE_METHOD_MATCH = YES;
				COPY_PHASE_STRIP = YES;
				DEBUG_INFORMATION_FORMAT = "dwarf-with-dsym";
				ENABLE_NS_ASSERTIONS = NO;
				ENABLE_STRICT_OBJC_MSGSEND = YES;
				GCC_C_LANGUAGE_STANDARD = gnu99;
				GCC_WARN_64_TO_32_BIT_CONVERSION = YES;
				GCC_WARN_ABOUT_RETURN_TYPE = YES_ERROR;
				GCC_WARN_UNDECLARED_SELECTOR = YES;
				GCC_WARN_UNINITIALIZED_AUTOS = YES_AGGRESSIVE;
				GCC_WARN_UNUSED_FUNCTION = YES;
				GCC_WARN_UNUSED_VARIABLE = YES;
				MACOSX_DEPLOYMENT_TARGET = 10.10;
				MTL_ENABLE_DEBUG_INFO = NO;
				SDKROOT = macosx;
			};
			name = Release;
		};
		21CB63DF1BBC849A0085B3D2 /* Debug */ = {
			isa = XCBuildConfiguration;
			buildSettings = {
				LIBRARY_SEARCH_PATHS = (
					"$(inherited)",
					"$(PROJECT_DIR)",
				);
				PRODUCT_NAME = "$(TARGET_NAME)";
				"USER_HEADER_SEARCH_PATHS[arch=*]" = "../../libuv/include/**";
			};
			name = Debug;
		};
		21CB63E01BBC849A0085B3D2 /* Release */ = {
			isa = XCBuildConfiguration;
			buildSettings = {
				LIBRARY_SEARCH_PATHS = (
					"$(inherited)",
					"$(PROJECT_DIR)",
				);
				PRODUCT_NAME = "$(TARGET_NAME)";
				"USER_HEADER_SEARCH_PATHS[arch=*]" = "../../libuv/include/**";
			};
			name = Release;
		};
/* End XCBuildConfiguration section */

/* Begin XCConfigurationList section */
		21CB63D21BBC849A0085B3D2 /* Build configuration list for PBXProject "libuvftp" */ = {
			isa = XCConfigurationList;
			buildConfigurations = (
				21CB63DC1BBC849A0085B3D2 /* Debug */,
				21CB63DD1BBC849A0085B3D2 /* Release */,
			);
			defaultConfigurationIsVisible = 0;
			defaultConfigurationName = Release;
		};
		21CB63DE1BBC849A0085B3D2 /* Build configuration list for PBXNativeTarget "libuvftp" */ = {
			isa = XCConfigurationList;
			buildConfigurations = (
				21CB63DF1BBC849A0085B3D2 /* Debug */,
				21CB63E01BBC849A0085B3D2 /* Release */,
			);
			defaultConfigurationIsVisible = 0;
		};
/* End XCConfigurationList section */
	};
	rootObject = 21CB63CF1BBC849A0085B3D2 /* Project object */;
}
